// !$*UTF8*$!
{
	archiveVersion = 1;
	classes = {
	};
	objectVersion = 56;
	objects = {

/* Begin PBXBuildFile section */
		E80CA3D82B34AC3900F012DE /* AppDelegate.swift in Sources */ = {isa = PBXBuildFile; fileRef = E80CA3D72B34AC3900F012DE /* AppDelegate.swift */; };
		E80CA3DA2B34AC3900F012DE /* SceneDelegate.swift in Sources */ = {isa = PBXBuildFile; fileRef = E80CA3D92B34AC3900F012DE /* SceneDelegate.swift */; };
		E80CA3DC2B34AC3900F012DE /* ViewController.swift in Sources */ = {isa = PBXBuildFile; fileRef = E80CA3DB2B34AC3900F012DE /* ViewController.swift */; };
		E80CA3E12B34AC3A00F012DE /* Assets.xcassets in Resources */ = {isa = PBXBuildFile; fileRef = E80CA3E02B34AC3A00F012DE /* Assets.xcassets */; };
		E80CA3E42B34AC3A00F012DE /* LaunchScreen.storyboard in Resources */ = {isa = PBXBuildFile; fileRef = E80CA3E22B34AC3A00F012DE /* LaunchScreen.storyboard */; };
		E80CA3EF2B34AED400F012DE /* AddNewAdViewController.swift in Sources */ = {isa = PBXBuildFile; fileRef = E80CA3EE2B34AED400F012DE /* AddNewAdViewController.swift */; };
		E80CA3F22B34B14B00F012DE /* WebService.swift in Sources */ = {isa = PBXBuildFile; fileRef = E80CA3F12B34B14B00F012DE /* WebService.swift */; };
		E80CA3F42B34B32900F012DE /* Resource.swift in Sources */ = {isa = PBXBuildFile; fileRef = E80CA3F32B34B32900F012DE /* Resource.swift */; };
		E80CA3F62B34B46200F012DE /* HTTPMethod.swift in Sources */ = {isa = PBXBuildFile; fileRef = E80CA3F52B34B46200F012DE /* HTTPMethod.swift */; };
		E80CA3F92B34B4C700F012DE /* NetworkError.swift in Sources */ = {isa = PBXBuildFile; fileRef = E80CA3F82B34B4C700F012DE /* NetworkError.swift */; };
		E80CA3FB2B34B7D700F012DE /* AddNewAdViewModel.swift in Sources */ = {isa = PBXBuildFile; fileRef = E80CA3FA2B34B7D700F012DE /* AddNewAdViewModel.swift */; };
		E80CA3FE2B34C7CB00F012DE /* CustomTextFieldsCell.swift in Sources */ = {isa = PBXBuildFile; fileRef = E80CA3FD2B34C7CB00F012DE /* CustomTextFieldsCell.swift */; };
		E80CA4022B34DCDA00F012DE /* AddNewAdDelegate.swift in Sources */ = {isa = PBXBuildFile; fileRef = E80CA4012B34DCDA00F012DE /* AddNewAdDelegate.swift */; };
		E80CA4042B35F25E00F012DE /* DynamicVar.swift in Sources */ = {isa = PBXBuildFile; fileRef = E80CA4032B35F25E00F012DE /* DynamicVar.swift */; };
		E80CA4062B35F50200F012DE /* SearchedLocations.swift in Sources */ = {isa = PBXBuildFile; fileRef = E80CA4052B35F50200F012DE /* SearchedLocations.swift */; };
		E80CA4082B37395D00F012DE /* NewAdForSubmit.swift in Sources */ = {isa = PBXBuildFile; fileRef = E80CA4072B37395D00F012DE /* NewAdForSubmit.swift */; };
		E80CA40A2B37496700F012DE /* File.swift in Sources */ = {isa = PBXBuildFile; fileRef = E80CA4092B37496700F012DE /* File.swift */; };
		E80CA40C2B384E8300F012DE /* HeaderCell.swift in Sources */ = {isa = PBXBuildFile; fileRef = E80CA40B2B384E8300F012DE /* HeaderCell.swift */; };
/* End PBXBuildFile section */

/* Begin PBXFileReference section */
		E80CA3D42B34AC3900F012DE /* xeDemo.app */ = {isa = PBXFileReference; explicitFileType = wrapper.application; includeInIndex = 0; path = xeDemo.app; sourceTree = BUILT_PRODUCTS_DIR; };
		E80CA3D72B34AC3900F012DE /* AppDelegate.swift */ = {isa = PBXFileReference; lastKnownFileType = sourcecode.swift; path = AppDelegate.swift; sourceTree = "<group>"; };
		E80CA3D92B34AC3900F012DE /* SceneDelegate.swift */ = {isa = PBXFileReference; lastKnownFileType = sourcecode.swift; path = SceneDelegate.swift; sourceTree = "<group>"; };
		E80CA3DB2B34AC3900F012DE /* ViewController.swift */ = {isa = PBXFileReference; lastKnownFileType = sourcecode.swift; path = ViewController.swift; sourceTree = "<group>"; };
		E80CA3E02B34AC3A00F012DE /* Assets.xcassets */ = {isa = PBXFileReference; lastKnownFileType = folder.assetcatalog; path = Assets.xcassets; sourceTree = "<group>"; };
		E80CA3E32B34AC3A00F012DE /* Base */ = {isa = PBXFileReference; lastKnownFileType = file.storyboard; name = Base; path = Base.lproj/LaunchScreen.storyboard; sourceTree = "<group>"; };
		E80CA3E52B34AC3A00F012DE /* Info.plist */ = {isa = PBXFileReference; lastKnownFileType = text.plist.xml; path = Info.plist; sourceTree = "<group>"; };
		E80CA3EE2B34AED400F012DE /* AddNewAdViewController.swift */ = {isa = PBXFileReference; lastKnownFileType = sourcecode.swift; path = AddNewAdViewController.swift; sourceTree = "<group>"; };
		E80CA3F12B34B14B00F012DE /* WebService.swift */ = {isa = PBXFileReference; lastKnownFileType = sourcecode.swift; path = WebService.swift; sourceTree = "<group>"; };
		E80CA3F32B34B32900F012DE /* Resource.swift */ = {isa = PBXFileReference; lastKnownFileType = sourcecode.swift; path = Resource.swift; sourceTree = "<group>"; };
		E80CA3F52B34B46200F012DE /* HTTPMethod.swift */ = {isa = PBXFileReference; lastKnownFileType = sourcecode.swift; path = HTTPMethod.swift; sourceTree = "<group>"; };
		E80CA3F82B34B4C700F012DE /* NetworkError.swift */ = {isa = PBXFileReference; lastKnownFileType = sourcecode.swift; path = NetworkError.swift; sourceTree = "<group>"; };
		E80CA3FA2B34B7D700F012DE /* AddNewAdViewModel.swift */ = {isa = PBXFileReference; lastKnownFileType = sourcecode.swift; path = AddNewAdViewModel.swift; sourceTree = "<group>"; };
		E80CA3FD2B34C7CB00F012DE /* CustomTextFieldsCell.swift */ = {isa = PBXFileReference; lastKnownFileType = sourcecode.swift; path = CustomTextFieldsCell.swift; sourceTree = "<group>"; };
		E80CA4012B34DCDA00F012DE /* AddNewAdDelegate.swift */ = {isa = PBXFileReference; lastKnownFileType = sourcecode.swift; path = AddNewAdDelegate.swift; sourceTree = "<group>"; };
		E80CA4032B35F25E00F012DE /* DynamicVar.swift */ = {isa = PBXFileReference; lastKnownFileType = sourcecode.swift; path = DynamicVar.swift; sourceTree = "<group>"; };
		E80CA4052B35F50200F012DE /* SearchedLocations.swift */ = {isa = PBXFileReference; lastKnownFileType = sourcecode.swift; path = SearchedLocations.swift; sourceTree = "<group>"; };
		E80CA4072B37395D00F012DE /* NewAdForSubmit.swift */ = {isa = PBXFileReference; lastKnownFileType = sourcecode.swift; path = NewAdForSubmit.swift; sourceTree = "<group>"; };
		E80CA4092B37496700F012DE /* File.swift */ = {isa = PBXFileReference; lastKnownFileType = sourcecode.swift; path = File.swift; sourceTree = "<group>"; };
		E80CA40B2B384E8300F012DE /* HeaderCell.swift */ = {isa = PBXFileReference; lastKnownFileType = sourcecode.swift; path = HeaderCell.swift; sourceTree = "<group>"; };
/* End PBXFileReference section */

/* Begin PBXFrameworksBuildPhase section */
		E80CA3D12B34AC3900F012DE /* Frameworks */ = {
			isa = PBXFrameworksBuildPhase;
			buildActionMask = 2147483647;
			files = (
			);
			runOnlyForDeploymentPostprocessing = 0;
		};
/* End PBXFrameworksBuildPhase section */

/* Begin PBXGroup section */
		E80CA3CB2B34AC3900F012DE = {
			isa = PBXGroup;
			children = (
				E80CA3D62B34AC3900F012DE /* xeDemo */,
				E80CA3D52B34AC3900F012DE /* Products */,
			);
			sourceTree = "<group>";
		};
		E80CA3D52B34AC3900F012DE /* Products */ = {
			isa = PBXGroup;
			children = (
				E80CA3D42B34AC3900F012DE /* xeDemo.app */,
			);
			name = Products;
			sourceTree = "<group>";
		};
		E80CA3D62B34AC3900F012DE /* xeDemo */ = {
			isa = PBXGroup;
			children = (
				E80CA3F72B34B48B00F012DE /* Enum */,
				E80CA4002B34DC6600F012DE /* Delegates */,
				E80CA3FC2B34C70000F012DE /* Custom Views */,
				E80CA3F02B34B0BF00F012DE /* Services */,
				E80CA3ED2B34AEA400F012DE /* Models */,
				E80CA3EC2B34AE9600F012DE /* ViewModels */,
				E80CA3EB2B34AE9000F012DE /* Controllers */,
				E80CA3D72B34AC3900F012DE /* AppDelegate.swift */,
				E80CA3D92B34AC3900F012DE /* SceneDelegate.swift */,
				E80CA3DB2B34AC3900F012DE /* ViewController.swift */,
				E80CA3E02B34AC3A00F012DE /* Assets.xcassets */,
				E80CA3E22B34AC3A00F012DE /* LaunchScreen.storyboard */,
				E80CA3E52B34AC3A00F012DE /* Info.plist */,
			);
			path = xeDemo;
			sourceTree = "<group>";
		};
		E80CA3EB2B34AE9000F012DE /* Controllers */ = {
			isa = PBXGroup;
			children = (
				E80CA3EE2B34AED400F012DE /* AddNewAdViewController.swift */,
			);
			path = Controllers;
			sourceTree = "<group>";
		};
		E80CA3EC2B34AE9600F012DE /* ViewModels */ = {
			isa = PBXGroup;
			children = (
				E80CA3FA2B34B7D700F012DE /* AddNewAdViewModel.swift */,
			);
			path = ViewModels;
			sourceTree = "<group>";
		};
		E80CA3ED2B34AEA400F012DE /* Models */ = {
			isa = PBXGroup;
			children = (
				E80CA3F32B34B32900F012DE /* Resource.swift */,
				E80CA4032B35F25E00F012DE /* DynamicVar.swift */,
				E80CA4052B35F50200F012DE /* SearchedLocations.swift */,
				E80CA4072B37395D00F012DE /* NewAdForSubmit.swift */,
			);
			path = Models;
			sourceTree = "<group>";
		};
		E80CA3F02B34B0BF00F012DE /* Services */ = {
			isa = PBXGroup;
			children = (
				E80CA3F12B34B14B00F012DE /* WebService.swift */,
			);
			path = Services;
			sourceTree = "<group>";
		};
		E80CA3F72B34B48B00F012DE /* Enum */ = {
			isa = PBXGroup;
			children = (
				E80CA3F52B34B46200F012DE /* HTTPMethod.swift */,
				E80CA3F82B34B4C700F012DE /* NetworkError.swift */,
				E80CA4092B37496700F012DE /* File.swift */,
			);
			path = Enum;
			sourceTree = "<group>";
		};
		E80CA3FC2B34C70000F012DE /* Custom Views */ = {
			isa = PBXGroup;
			children = (
				E80CA3FD2B34C7CB00F012DE /* CustomTextFieldsCell.swift */,
				E80CA40B2B384E8300F012DE /* HeaderCell.swift */,
			);
			path = "Custom Views";
			sourceTree = "<group>";
		};
		E80CA4002B34DC6600F012DE /* Delegates */ = {
			isa = PBXGroup;
			children = (
				E80CA4012B34DCDA00F012DE /* AddNewAdDelegate.swift */,
			);
			path = Delegates;
			sourceTree = "<group>";
		};
/* End PBXGroup section */

/* Begin PBXNativeTarget section */
		E80CA3D32B34AC3900F012DE /* xeDemo */ = {
			isa = PBXNativeTarget;
			buildConfigurationList = E80CA3E82B34AC3A00F012DE /* Build configuration list for PBXNativeTarget "xeDemo" */;
			buildPhases = (
				E80CA3D02B34AC3900F012DE /* Sources */,
				E80CA3D12B34AC3900F012DE /* Frameworks */,
				E80CA3D22B34AC3900F012DE /* Resources */,
			);
			buildRules = (
			);
			dependencies = (
			);
			name = xeDemo;
			productName = xeDemo;
			productReference = E80CA3D42B34AC3900F012DE /* xeDemo.app */;
			productType = "com.apple.product-type.application";
		};
/* End PBXNativeTarget section */

/* Begin PBXProject section */
		E80CA3CC2B34AC3900F012DE /* Project object */ = {
			isa = PBXProject;
			attributes = {
				BuildIndependentTargetsInParallel = 1;
				LastSwiftUpdateCheck = 1510;
				LastUpgradeCheck = 1510;
				TargetAttributes = {
					E80CA3D32B34AC3900F012DE = {
						CreatedOnToolsVersion = 15.1;
					};
				};
			};
			buildConfigurationList = E80CA3CF2B34AC3900F012DE /* Build configuration list for PBXProject "xeDemo" */;
			compatibilityVersion = "Xcode 14.0";
			developmentRegion = en;
			hasScannedForEncodings = 0;
			knownRegions = (
				en,
				Base,
			);
			mainGroup = E80CA3CB2B34AC3900F012DE;
			productRefGroup = E80CA3D52B34AC3900F012DE /* Products */;
			projectDirPath = "";
			projectRoot = "";
			targets = (
				E80CA3D32B34AC3900F012DE /* xeDemo */,
			);
		};
/* End PBXProject section */

/* Begin PBXResourcesBuildPhase section */
		E80CA3D22B34AC3900F012DE /* Resources */ = {
			isa = PBXResourcesBuildPhase;
			buildActionMask = 2147483647;
			files = (
				E80CA3E42B34AC3A00F012DE /* LaunchScreen.storyboard in Resources */,
				E80CA3E12B34AC3A00F012DE /* Assets.xcassets in Resources */,
			);
			runOnlyForDeploymentPostprocessing = 0;
		};
/* End PBXResourcesBuildPhase section */

/* Begin PBXSourcesBuildPhase section */
		E80CA3D02B34AC3900F012DE /* Sources */ = {
			isa = PBXSourcesBuildPhase;
			buildActionMask = 2147483647;
			files = (
				E80CA3DC2B34AC3900F012DE /* ViewController.swift in Sources */,
				E80CA3F92B34B4C700F012DE /* NetworkError.swift in Sources */,
				E80CA3D82B34AC3900F012DE /* AppDelegate.swift in Sources */,
				E80CA3F62B34B46200F012DE /* HTTPMethod.swift in Sources */,
				E80CA40C2B384E8300F012DE /* HeaderCell.swift in Sources */,
				E80CA3FB2B34B7D700F012DE /* AddNewAdViewModel.swift in Sources */,
				E80CA4082B37395D00F012DE /* NewAdForSubmit.swift in Sources */,
				E80CA3EF2B34AED400F012DE /* AddNewAdViewController.swift in Sources */,
				E80CA3FE2B34C7CB00F012DE /* CustomTextFieldsCell.swift in Sources */,
				E80CA4062B35F50200F012DE /* SearchedLocations.swift in Sources */,
				E80CA3F42B34B32900F012DE /* Resource.swift in Sources */,
				E80CA40A2B37496700F012DE /* File.swift in Sources */,
				E80CA3F22B34B14B00F012DE /* WebService.swift in Sources */,
				E80CA4042B35F25E00F012DE /* DynamicVar.swift in Sources */,
				E80CA4022B34DCDA00F012DE /* AddNewAdDelegate.swift in Sources */,
				E80CA3DA2B34AC3900F012DE /* SceneDelegate.swift in Sources */,
			);
			runOnlyForDeploymentPostprocessing = 0;
		};
/* End PBXSourcesBuildPhase section */

/* Begin PBXVariantGroup section */
		E80CA3E22B34AC3A00F012DE /* LaunchScreen.storyboard */ = {
			isa = PBXVariantGroup;
			children = (
				E80CA3E32B34AC3A00F012DE /* Base */,
			);
			name = LaunchScreen.storyboard;
			sourceTree = "<group>";
		};
/* End PBXVariantGroup section */

/* Begin XCBuildConfiguration section */
		E80CA3E62B34AC3A00F012DE /* Debug */ = {
			isa = XCBuildConfiguration;
			buildSettings = {
				ALWAYS_SEARCH_USER_PATHS = NO;
				ASSETCATALOG_COMPILER_GENERATE_SWIFT_ASSET_SYMBOL_EXTENSIONS = YES;
				CLANG_ANALYZER_NONNULL = YES;
				CLANG_ANALYZER_NUMBER_OBJECT_CONVERSION = YES_AGGRESSIVE;
				CLANG_CXX_LANGUAGE_STANDARD = "gnu++20";
				CLANG_ENABLE_MODULES = YES;
				CLANG_ENABLE_OBJC_ARC = YES;
				CLANG_ENABLE_OBJC_WEAK = YES;
				CLANG_WARN_BLOCK_CAPTURE_AUTORELEASING = YES;
				CLANG_WARN_BOOL_CONVERSION = YES;
				CLANG_WARN_COMMA = YES;
				CLANG_WARN_CONSTANT_CONVERSION = YES;
				CLANG_WARN_DEPRECATED_OBJC_IMPLEMENTATIONS = YES;
				CLANG_WARN_DIRECT_OBJC_ISA_USAGE = YES_ERROR;
				CLANG_WARN_DOCUMENTATION_COMMENTS = YES;
				CLANG_WARN_EMPTY_BODY = YES;
				CLANG_WARN_ENUM_CONVERSION = YES;
				CLANG_WARN_INFINITE_RECURSION = YES;
				CLANG_WARN_INT_CONVERSION = YES;
				CLANG_WARN_NON_LITERAL_NULL_CONVERSION = YES;
				CLANG_WARN_OBJC_IMPLICIT_RETAIN_SELF = YES;
				CLANG_WARN_OBJC_LITERAL_CONVERSION = YES;
				CLANG_WARN_OBJC_ROOT_CLASS = YES_ERROR;
				CLANG_WARN_QUOTED_INCLUDE_IN_FRAMEWORK_HEADER = YES;
				CLANG_WARN_RANGE_LOOP_ANALYSIS = YES;
				CLANG_WARN_STRICT_PROTOTYPES = YES;
				CLANG_WARN_SUSPICIOUS_MOVE = YES;
				CLANG_WARN_UNGUARDED_AVAILABILITY = YES_AGGRESSIVE;
				CLANG_WARN_UNREACHABLE_CODE = YES;
				CLANG_WARN__DUPLICATE_METHOD_MATCH = YES;
				COPY_PHASE_STRIP = NO;
				DEBUG_INFORMATION_FORMAT = dwarf;
				ENABLE_STRICT_OBJC_MSGSEND = YES;
				ENABLE_TESTABILITY = YES;
				ENABLE_USER_SCRIPT_SANDBOXING = YES;
				GCC_C_LANGUAGE_STANDARD = gnu17;
				GCC_DYNAMIC_NO_PIC = NO;
				GCC_NO_COMMON_BLOCKS = YES;
				GCC_OPTIMIZATION_LEVEL = 0;
				GCC_PREPROCESSOR_DEFINITIONS = (
					"DEBUG=1",
					"$(inherited)",
				);
				GCC_WARN_64_TO_32_BIT_CONVERSION = YES;
				GCC_WARN_ABOUT_RETURN_TYPE = YES_ERROR;
				GCC_WARN_UNDECLARED_SELECTOR = YES;
				GCC_WARN_UNINITIALIZED_AUTOS = YES_AGGRESSIVE;
				GCC_WARN_UNUSED_FUNCTION = YES;
				GCC_WARN_UNUSED_VARIABLE = YES;
				IPHONEOS_DEPLOYMENT_TARGET = 17.2;
				LOCALIZATION_PREFERS_STRING_CATALOGS = YES;
				MTL_ENABLE_DEBUG_INFO = INCLUDE_SOURCE;
				MTL_FAST_MATH = YES;
				ONLY_ACTIVE_ARCH = YES;
				SDKROOT = iphoneos;
				SWIFT_ACTIVE_COMPILATION_CONDITIONS = "DEBUG $(inherited)";
				SWIFT_OPTIMIZATION_LEVEL = "-Onone";
			};
			name = Debug;
		};
		E80CA3E72B34AC3A00F012DE /* Release */ = {
			isa = XCBuildConfiguration;
			buildSettings = {
				ALWAYS_SEARCH_USER_PATHS = NO;
				ASSETCATALOG_COMPILER_GENERATE_SWIFT_ASSET_SYMBOL_EXTENSIONS = YES;
				CLANG_ANALYZER_NONNULL = YES;
				CLANG_ANALYZER_NUMBER_OBJECT_CONVERSION = YES_AGGRESSIVE;
				CLANG_CXX_LANGUAGE_STANDARD = "gnu++20";
				CLANG_ENABLE_MODULES = YES;
				CLANG_ENABLE_OBJC_ARC = YES;
				CLANG_ENABLE_OBJC_WEAK = YES;
				CLANG_WARN_BLOCK_CAPTURE_AUTORELEASING = YES;
				CLANG_WARN_BOOL_CONVERSION = YES;
				CLANG_WARN_COMMA = YES;
				CLANG_WARN_CONSTANT_CONVERSION = YES;
				CLANG_WARN_DEPRECATED_OBJC_IMPLEMENTATIONS = YES;
				CLANG_WARN_DIRECT_OBJC_ISA_USAGE = YES_ERROR;
				CLANG_WARN_DOCUMENTATION_COMMENTS = YES;
				CLANG_WARN_EMPTY_BODY = YES;
				CLANG_WARN_ENUM_CONVERSION = YES;
				CLANG_WARN_INFINITE_RECURSION = YES;
				CLANG_WARN_INT_CONVERSION = YES;
				CLANG_WARN_NON_LITERAL_NULL_CONVERSION = YES;
				CLANG_WARN_OBJC_IMPLICIT_RETAIN_SELF = YES;
				CLANG_WARN_OBJC_LITERAL_CONVERSION = YES;
				CLANG_WARN_OBJC_ROOT_CLASS = YES_ERROR;
				CLANG_WARN_QUOTED_INCLUDE_IN_FRAMEWORK_HEADER = YES;
				CLANG_WARN_RANGE_LOOP_ANALYSIS = YES;
				CLANG_WARN_STRICT_PROTOTYPES = YES;
				CLANG_WARN_SUSPICIOUS_MOVE = YES;
				CLANG_WARN_UNGUARDED_AVAILABILITY = YES_AGGRESSIVE;
				CLANG_WARN_UNREACHABLE_CODE = YES;
				CLANG_WARN__DUPLICATE_METHOD_MATCH = YES;
				COPY_PHASE_STRIP = NO;
				DEBUG_INFORMATION_FORMAT = "dwarf-with-dsym";
				ENABLE_NS_ASSERTIONS = NO;
				ENABLE_STRICT_OBJC_MSGSEND = YES;
				ENABLE_USER_SCRIPT_SANDBOXING = YES;
				GCC_C_LANGUAGE_STANDARD = gnu17;
				GCC_NO_COMMON_BLOCKS = YES;
				GCC_WARN_64_TO_32_BIT_CONVERSION = YES;
				GCC_WARN_ABOUT_RETURN_TYPE = YES_ERROR;
				GCC_WARN_UNDECLARED_SELECTOR = YES;
				GCC_WARN_UNINITIALIZED_AUTOS = YES_AGGRESSIVE;
				GCC_WARN_UNUSED_FUNCTION = YES;
				GCC_WARN_UNUSED_VARIABLE = YES;
				IPHONEOS_DEPLOYMENT_TARGET = 17.2;
				LOCALIZATION_PREFERS_STRING_CATALOGS = YES;
				MTL_ENABLE_DEBUG_INFO = NO;
				MTL_FAST_MATH = YES;
				SDKROOT = iphoneos;
				SWIFT_COMPILATION_MODE = wholemodule;
				VALIDATE_PRODUCT = YES;
			};
			name = Release;
		};
		E80CA3E92B34AC3A00F012DE /* Debug */ = {
			isa = XCBuildConfiguration;
			buildSettings = {
				ASSETCATALOG_COMPILER_APPICON_NAME = AppIcon;
				ASSETCATALOG_COMPILER_GLOBAL_ACCENT_COLOR_NAME = AccentColor;
				CODE_SIGN_STYLE = Automatic;
				CURRENT_PROJECT_VERSION = 1;
				DEVELOPMENT_TEAM = 693WG73N65;
				GENERATE_INFOPLIST_FILE = YES;
				INFOPLIST_FILE = xeDemo/Info.plist;
				INFOPLIST_KEY_UIApplicationSupportsIndirectInputEvents = YES;
				INFOPLIST_KEY_UILaunchStoryboardName = LaunchScreen;
				INFOPLIST_KEY_UISupportedInterfaceOrientations_iPad = "UIInterfaceOrientationPortrait UIInterfaceOrientationPortraitUpsideDown UIInterfaceOrientationLandscapeLeft UIInterfaceOrientationLandscapeRight";
				INFOPLIST_KEY_UISupportedInterfaceOrientations_iPhone = "UIInterfaceOrientationPortrait UIInterfaceOrientationLandscapeLeft UIInterfaceOrientationLandscapeRight";
				LD_RUNPATH_SEARCH_PATHS = (
					"$(inherited)",
					"@executable_path/Frameworks",
				);
				MARKETING_VERSION = 1.0;
				PRODUCT_BUNDLE_IDENTIFIER = com.dimitriadisdimitrios.test.xeDemo;
				PRODUCT_NAME = "$(TARGET_NAME)";
				SWIFT_EMIT_LOC_STRINGS = YES;
				SWIFT_VERSION = 5.0;
				TARGETED_DEVICE_FAMILY = "1,2";
			};
			name = Debug;
		};
		E80CA3EA2B34AC3A00F012DE /* Release */ = {
			isa = XCBuildConfiguration;
			buildSettings = {
				ASSETCATALOG_COMPILER_APPICON_NAME = AppIcon;
				ASSETCATALOG_COMPILER_GLOBAL_ACCENT_COLOR_NAME = AccentColor;
				CODE_SIGN_STYLE = Automatic;
				CURRENT_PROJECT_VERSION = 1;
				DEVELOPMENT_TEAM = 693WG73N65;
				GENERATE_INFOPLIST_FILE = YES;
				INFOPLIST_FILE = xeDemo/Info.plist;
				INFOPLIST_KEY_UIApplicationSupportsIndirectInputEvents = YES;
				INFOPLIST_KEY_UILaunchStoryboardName = LaunchScreen;
				INFOPLIST_KEY_UISupportedInterfaceOrientations_iPad = "UIInterfaceOrientationPortrait UIInterfaceOrientationPortraitUpsideDown UIInterfaceOrientationLandscapeLeft UIInterfaceOrientationLandscapeRight";
				INFOPLIST_KEY_UISupportedInterfaceOrientations_iPhone = "UIInterfaceOrientationPortrait UIInterfaceOrientationLandscapeLeft UIInterfaceOrientationLandscapeRight";
				LD_RUNPATH_SEARCH_PATHS = (
					"$(inherited)",
					"@executable_path/Frameworks",
				);
				MARKETING_VERSION = 1.0;
				PRODUCT_BUNDLE_IDENTIFIER = com.dimitriadisdimitrios.test.xeDemo;
				PRODUCT_NAME = "$(TARGET_NAME)";
				SWIFT_EMIT_LOC_STRINGS = YES;
				SWIFT_VERSION = 5.0;
				TARGETED_DEVICE_FAMILY = "1,2";
			};
			name = Release;
		};
/* End XCBuildConfiguration section */

/* Begin XCConfigurationList section */
		E80CA3CF2B34AC3900F012DE /* Build configuration list for PBXProject "xeDemo" */ = {
			isa = XCConfigurationList;
			buildConfigurations = (
				E80CA3E62B34AC3A00F012DE /* Debug */,
				E80CA3E72B34AC3A00F012DE /* Release */,
			);
			defaultConfigurationIsVisible = 0;
			defaultConfigurationName = Release;
		};
		E80CA3E82B34AC3A00F012DE /* Build configuration list for PBXNativeTarget "xeDemo" */ = {
			isa = XCConfigurationList;
			buildConfigurations = (
				E80CA3E92B34AC3A00F012DE /* Debug */,
				E80CA3EA2B34AC3A00F012DE /* Release */,
			);
			defaultConfigurationIsVisible = 0;
			defaultConfigurationName = Release;
		};
/* End XCConfigurationList section */
	};
	rootObject = E80CA3CC2B34AC3900F012DE /* Project object */;
}
